dependencies:
- name: mongodb
  repository: https://charts.bitnami.com/bitnami
  version: 12.1.27
- name: nats
  repository: https://nats-io.github.io/k8s/helm/charts/
  version: 0.13.2
- name: common
  repository: file://../common
  version: 0.1.0
digest: sha256:222a97b27f285d7044cd4263fc747e31177e136b13c199b664b99880488e07f5
generated: "2022-07-20T15:54:00.781791417Z"
